
Microsoft Visual Studio Solution File, Format Version 12.00
# Visual Studio Version 18
VisualStudioVersion = 18.1.11312.151 d18.0
MinimumVisualStudioVersion = 10.0.40219.1
Project("{FAE04EC0-301F-11D3-BF4B-00C04F79EFBC}") = "OzzCodeGen", "OzzCodeGen\OzzCodeGen.csproj", "{794C935F-7FC8-4D07-AB2F-BD37008F67CC}"
EndProject
Project("{FAE04EC0-301F-11D3-BF4B-00C04F79EFBC}") = "OzzCodeGen.Wpf", "OzzCodeGen.Wpf\OzzCodeGen.Wpf.csproj", "{246DE687-7DA0-48B8-B544-5F29837A417F}"
EndProject
Project("{FAE04EC0-301F-11D3-BF4B-00C04F79EFBC}") = "OzzUtils", "OzzUtils\OzzUtils.csproj", "{D417166B-12EB-43B5-AF18-D634AE620F0B}"
EndProject
Project("{FAE04EC0-301F-11D3-BF4B-00C04F79EFBC}") = "OzzLocalization", "OzzLocalization\OzzLocalization.csproj", "{7E5B007E-BA07-4685-B014-CBD9D8DE3C14}"
EndProject
Project("{FAE04EC0-301F-11D3-BF4B-00C04F79EFBC}") = "OzzLocalization.Wpf", "OzzLocalization.Wpf\OzzLocalization.Wpf.csproj", "{1720DBC9-15D9-4AA5-822A-EB9A8B5E7CC8}"
EndProject
Global
	GlobalSection(SolutionConfigurationPlatforms) = preSolution
		Debug|Any CPU = Debug|Any CPU
		Release|Any CPU = Release|Any CPU
	EndGlobalSection
	GlobalSection(ProjectConfigurationPlatforms) = postSolution
		{794C935F-7FC8-4D07-AB2F-BD37008F67CC}.Debug|Any CPU.ActiveCfg = Debug|Any CPU
		{794C935F-7FC8-4D07-AB2F-BD37008F67CC}.Debug|Any CPU.Build.0 = Debug|Any CPU
		{794C935F-7FC8-4D07-AB2F-BD37008F67CC}.Release|Any CPU.ActiveCfg = Release|Any CPU
		{794C935F-7FC8-4D07-AB2F-BD37008F67CC}.Release|Any CPU.Build.0 = Release|Any CPU
		{246DE687-7DA0-48B8-B544-5F29837A417F}.Debug|Any CPU.ActiveCfg = Debug|Any CPU
		{246DE687-7DA0-48B8-B544-5F29837A417F}.Debug|Any CPU.Build.0 = Debug|Any CPU
		{246DE687-7DA0-48B8-B544-5F29837A417F}.Release|Any CPU.ActiveCfg = Release|Any CPU
		{246DE687-7DA0-48B8-B544-5F29837A417F}.Release|Any CPU.Build.0 = Release|Any CPU
		{D417166B-12EB-43B5-AF18-D634AE620F0B}.Debug|Any CPU.ActiveCfg = Debug|Any CPU
		{D417166B-12EB-43B5-AF18-D634AE620F0B}.Debug|Any CPU.Build.0 = Debug|Any CPU
		{D417166B-12EB-43B5-AF18-D634AE620F0B}.Release|Any CPU.ActiveCfg = Release|Any CPU
		{D417166B-12EB-43B5-AF18-D634AE620F0B}.Release|Any CPU.Build.0 = Release|Any CPU
		{7E5B007E-BA07-4685-B014-CBD9D8DE3C14}.Debug|Any CPU.ActiveCfg = Debug|Any CPU
		{7E5B007E-BA07-4685-B014-CBD9D8DE3C14}.Debug|Any CPU.Build.0 = Debug|Any CPU
		{7E5B007E-BA07-4685-B014-CBD9D8DE3C14}.Release|Any CPU.ActiveCfg = Release|Any CPU
		{7E5B007E-BA07-4685-B014-CBD9D8DE3C14}.Release|Any CPU.Build.0 = Release|Any CPU
		{1720DBC9-15D9-4AA5-822A-EB9A8B5E7CC8}.Debug|Any CPU.ActiveCfg = Debug|Any CPU
		{1720DBC9-15D9-4AA5-822A-EB9A8B5E7CC8}.Debug|Any CPU.Build.0 = Debug|Any CPU
		{1720DBC9-15D9-4AA5-822A-EB9A8B5E7CC8}.Release|Any CPU.ActiveCfg = Release|Any CPU
		{1720DBC9-15D9-4AA5-822A-EB9A8B5E7CC8}.Release|Any CPU.Build.0 = Release|Any CPU
	EndGlobalSection
	GlobalSection(SolutionProperties) = preSolution
		HideSolutionNode = FALSE
	EndGlobalSection
EndGlobal
